
Microsoft Visual Studio Solution File, Format Version 12.00
# Visual Studio Version 17
VisualStudioVersion = 17.9.34622.214
MinimumVisualStudioVersion = 10.0.40219.1
Project("{9A19103F-16F7-4668-BE54-9A1E7A4F7556}") = "Robots", "Robots\Robots.csproj", "{D21EE0CE-8612-46AE-BDC3-DD22060F7193}"
EndProject
Project("{2150E333-8FDC-42A3-9474-1A3956D46DE8}") = "Solution Items", "Solution Items", "{4C6F3003-F94C-4003-8CD8-D67DE1DBC07D}"
	ProjectSection(SolutionItems) = preProject
		.gitignore = .gitignore
		README.md = README.md
	EndProjectSection
EndProject
Project("{FAE04EC0-301F-11D3-BF4B-00C04F79EFBC}") = "Robots.IntegrationTests", "Robots.IntegrationTests\Robots.IntegrationTests.csproj", "{07340E69-E10A-4288-8CF3-B373FF8B782C}"
EndProject
Global
	GlobalSection(SolutionConfigurationPlatforms) = preSolution
		Debug|Any CPU = Debug|Any CPU
		Release|Any CPU = Release|Any CPU
	EndGlobalSection
	GlobalSection(ProjectConfigurationPlatforms) = postSolution
		{D21EE0CE-8612-46AE-BDC3-DD22060F7193}.Debug|Any CPU.ActiveCfg = Debug|Any CPU
		{D21EE0CE-8612-46AE-BDC3-DD22060F7193}.Debug|Any CPU.Build.0 = Debug|Any CPU
		{D21EE0CE-8612-46AE-BDC3-DD22060F7193}.Release|Any CPU.ActiveCfg = Release|Any CPU
		{D21EE0CE-8612-46AE-BDC3-DD22060F7193}.Release|Any CPU.Build.0 = Release|Any CPU
		{07340E69-E10A-4288-8CF3-B373FF8B782C}.Debug|Any CPU.ActiveCfg = Debug|Any CPU
		{07340E69-E10A-4288-8CF3-B373FF8B782C}.Debug|Any CPU.Build.0 = Debug|Any CPU
		{07340E69-E10A-4288-8CF3-B373FF8B782C}.Release|Any CPU.ActiveCfg = Release|Any CPU
		{07340E69-E10A-4288-8CF3-B373FF8B782C}.Release|Any CPU.Build.0 = Release|Any CPU
	EndGlobalSection
	GlobalSection(SolutionProperties) = preSolution
		HideSolutionNode = FALSE
	EndGlobalSection
	GlobalSection(ExtensibilityGlobals) = postSolution
		SolutionGuid = {08F6AA80-070E-4CF9-BF96-358DE567D606}
	EndGlobalSection
EndGlobal
